
Microsoft Visual Studio Solution File, Format Version 12.00
# Visual Studio Version 17
VisualStudioVersion = 17.5.002.0
MinimumVisualStudioVersion = 10.0.40219.1
Project("{9A19103F-16F7-4668-BE54-9A1E7A4F7556}") = "efapp", "efapp.csproj", "{AD607237-F340-4E24-B360-0B2B0CDAA573}"
EndProject
Global
	GlobalSection(SolutionConfigurationPlatforms) = preSolution
		Debug|Any CPU = Debug|Any CPU
		Release|Any CPU = Release|Any CPU
	EndGlobalSection
	GlobalSection(ProjectConfigurationPlatforms) = postSolution
		{AD607237-F340-4E24-B360-0B2B0CDAA573}.Debug|Any CPU.ActiveCfg = Debug|Any CPU
		{AD607237-F340-4E24-B360-0B2B0CDAA573}.Debug|Any CPU.Build.0 = Debug|Any CPU
		{AD607237-F340-4E24-B360-0B2B0CDAA573}.Release|Any CPU.ActiveCfg = Release|Any CPU
		{AD607237-F340-4E24-B360-0B2B0CDAA573}.Release|Any CPU.Build.0 = Release|Any CPU
	EndGlobalSection
	GlobalSection(SolutionProperties) = preSolution
		HideSolutionNode = FALSE
	EndGlobalSection
	GlobalSection(ExtensibilityGlobals) = postSolution
		SolutionGuid = {C585AD5B-7C75-4E9C-8D58-085D5265A474}
	EndGlobalSection
EndGlobal
